
Microsoft Visual Studio Solution File, Format Version 12.00
# Visual Studio Version 17
VisualStudioVersion = 17.10.35004.147
MinimumVisualStudioVersion = 10.0.40219.1
Project("{FAE04EC0-301F-11D3-BF4B-00C04F79EFBC}") = "project life", "project life.csproj", "{57ACAAB9-14E1-4E76-A145-00AC9D4BA190}"
EndProject
Project("{FAE04EC0-301F-11D3-BF4B-00C04F79EFBC}") = "PL.Tests", "Tests\PL.Tests\PL.Tests.csproj", "{7F330DB2-77A9-4036-9F15-B1B4B67690E6}"
EndProject
Project("{FAE04EC0-301F-11D3-BF4B-00C04F79EFBC}") = "PL.Core", "Core\PL.Core\PL.Core.csproj", "{38CCC7AB-C9D9-4E2D-8A6F-266546F4F141}"
EndProject
Global
	GlobalSection(SolutionConfigurationPlatforms) = preSolution
		Debug|Any CPU = Debug|Any CPU
		Release|Any CPU = Release|Any CPU
	EndGlobalSection
	GlobalSection(ProjectConfigurationPlatforms) = postSolution
		{57ACAAB9-14E1-4E76-A145-00AC9D4BA190}.Debug|Any CPU.ActiveCfg = Debug|Any CPU
		{57ACAAB9-14E1-4E76-A145-00AC9D4BA190}.Debug|Any CPU.Build.0 = Debug|Any CPU
		{57ACAAB9-14E1-4E76-A145-00AC9D4BA190}.Release|Any CPU.ActiveCfg = Release|Any CPU
		{57ACAAB9-14E1-4E76-A145-00AC9D4BA190}.Release|Any CPU.Build.0 = Release|Any CPU
		{7F330DB2-77A9-4036-9F15-B1B4B67690E6}.Debug|Any CPU.ActiveCfg = Debug|Any CPU
		{7F330DB2-77A9-4036-9F15-B1B4B67690E6}.Debug|Any CPU.Build.0 = Debug|Any CPU
		{7F330DB2-77A9-4036-9F15-B1B4B67690E6}.Release|Any CPU.ActiveCfg = Release|Any CPU
		{7F330DB2-77A9-4036-9F15-B1B4B67690E6}.Release|Any CPU.Build.0 = Release|Any CPU
		{38CCC7AB-C9D9-4E2D-8A6F-266546F4F141}.Debug|Any CPU.ActiveCfg = Debug|Any CPU
		{38CCC7AB-C9D9-4E2D-8A6F-266546F4F141}.Debug|Any CPU.Build.0 = Debug|Any CPU
		{38CCC7AB-C9D9-4E2D-8A6F-266546F4F141}.Release|Any CPU.ActiveCfg = Release|Any CPU
		{38CCC7AB-C9D9-4E2D-8A6F-266546F4F141}.Release|Any CPU.Build.0 = Release|Any CPU
	EndGlobalSection
	GlobalSection(SolutionProperties) = preSolution
		HideSolutionNode = FALSE
	EndGlobalSection
	GlobalSection(ExtensibilityGlobals) = postSolution
		SolutionGuid = {5FBC8549-B45F-45DF-90AD-9161427C5C5E}
	EndGlobalSection
EndGlobal
